
Microsoft Visual Studio Solution File, Format Version 12.00
# Visual Studio Version 16
VisualStudioVersion = 16.0.31424.327
MinimumVisualStudioVersion = 10.0.40219.1
Project("{FAE04EC0-301F-11D3-BF4B-00C04F79EFBC}") = "OrganicFoodShop", "OrganicFoodShop\OrganicFoodShop.csproj", "{D1F006DC-775A-4F5D-863B-F4D793672BAB}"
EndProject
Global
	GlobalSection(SolutionConfigurationPlatforms) = preSolution
		Debug|Any CPU = Debug|Any CPU
		Release|Any CPU = Release|Any CPU
	EndGlobalSection
	GlobalSection(ProjectConfigurationPlatforms) = postSolution
		{D1F006DC-775A-4F5D-863B-F4D793672BAB}.Debug|Any CPU.ActiveCfg = Debug|Any CPU
		{D1F006DC-775A-4F5D-863B-F4D793672BAB}.Debug|Any CPU.Build.0 = Debug|Any CPU
		{D1F006DC-775A-4F5D-863B-F4D793672BAB}.Release|Any CPU.ActiveCfg = Release|Any CPU
		{D1F006DC-775A-4F5D-863B-F4D793672BAB}.Release|Any CPU.Build.0 = Release|Any CPU
	EndGlobalSection
	GlobalSection(SolutionProperties) = preSolution
		HideSolutionNode = FALSE
	EndGlobalSection
	GlobalSection(ExtensibilityGlobals) = postSolution
		SolutionGuid = {8FC9E44F-A796-4CC7-9015-877531935D6F}
	EndGlobalSection
EndGlobal
